
Microsoft Visual Studio Solution File, Format Version 12.00
# Visual Studio Version 16
VisualStudioVersion = 16.0.30406.217
MinimumVisualStudioVersion = 10.0.40219.1
Project("{9A19103F-16F7-4668-BE54-9A1E7A4F7556}") = "MinHook", "MinHook\MinHook.csproj", "{0B312C97-0A9F-418B-851F-7DC84AA05364}"
EndProject
Global
	GlobalSection(SolutionConfigurationPlatforms) = preSolution
		Debug|Any CPU = Debug|Any CPU
		Release|Any CPU = Release|Any CPU
	EndGlobalSection
	GlobalSection(ProjectConfigurationPlatforms) = postSolution
		{0B312C97-0A9F-418B-851F-7DC84AA05364}.Debug|Any CPU.ActiveCfg = Debug|Any CPU
		{0B312C97-0A9F-418B-851F-7DC84AA05364}.Debug|Any CPU.Build.0 = Debug|Any CPU
		{0B312C97-0A9F-418B-851F-7DC84AA05364}.Release|Any CPU.ActiveCfg = Release|Any CPU
		{0B312C97-0A9F-418B-851F-7DC84AA05364}.Release|Any CPU.Build.0 = Release|Any CPU
	EndGlobalSection
	GlobalSection(SolutionProperties) = preSolution
		HideSolutionNode = FALSE
	EndGlobalSection
	GlobalSection(ExtensibilityGlobals) = postSolution
		SolutionGuid = {402364FF-6B87-4448-943D-2C9F56CA0AD3}
	EndGlobalSection
EndGlobal
